
Microsoft Visual Studio Solution File, Format Version 12.00
Project("{FAE04EC0-301F-11D3-BF4B-00C04F79EFBC}") = "LlamaUtilities", "LlamaUtilities.csproj", "{086C0E04-B7B9-460F-8599-0DC6A35CB385}"
EndProject
Project("{2150E333-8FDC-42A3-9474-1A3956D46DE8}") = "Solution Items", "Solution Items", "{15FC9F6E-B719-4156-917E-D9EC3FE141F5}"
	ProjectSection(SolutionItems) = preProject
		.editorconfig = .editorconfig
		.gitignore = .gitignore
		LICENSE.md = LICENSE.md
		README.md = README.md
	EndProjectSection
EndProject
Global
	GlobalSection(SolutionConfigurationPlatforms) = preSolution
		Debug|Any CPU = Debug|Any CPU
		Release|Any CPU = Release|Any CPU
	EndGlobalSection
	GlobalSection(ProjectConfigurationPlatforms) = postSolution
		{086C0E04-B7B9-460F-8599-0DC6A35CB385}.Debug|Any CPU.ActiveCfg = Debug|Any CPU
		{086C0E04-B7B9-460F-8599-0DC6A35CB385}.Debug|Any CPU.Build.0 = Debug|Any CPU
		{086C0E04-B7B9-460F-8599-0DC6A35CB385}.Release|Any CPU.ActiveCfg = Release|Any CPU
		{086C0E04-B7B9-460F-8599-0DC6A35CB385}.Release|Any CPU.Build.0 = Release|Any CPU
	EndGlobalSection
	GlobalSection(SolutionProperties) = preSolution
		HideSolutionNode = FALSE
	EndGlobalSection
	GlobalSection(ExtensibilityGlobals) = postSolution
		SolutionGuid = {151CEA31-FD5F-4ABE-934F-55F419665689}
	EndGlobalSection
EndGlobal
